
Microsoft Visual Studio Solution File, Format Version 12.00
# Visual Studio Version 16
VisualStudioVersion = 16.0.33027.164
MinimumVisualStudioVersion = 10.0.40219.1
Project("{FAE04EC0-301F-11D3-BF4B-00C04F79EFBC}") = "GestionDeVente", "GestionDeVente\GestionDeVente.csproj", "{843A9AE7-F6FE-4417-9E66-5CD40D067D6D}"
EndProject
Global
	GlobalSection(SolutionConfigurationPlatforms) = preSolution
		Debug|Any CPU = Debug|Any CPU
		Release|Any CPU = Release|Any CPU
	EndGlobalSection
	GlobalSection(ProjectConfigurationPlatforms) = postSolution
		{843A9AE7-F6FE-4417-9E66-5CD40D067D6D}.Debug|Any CPU.ActiveCfg = Debug|Any CPU
		{843A9AE7-F6FE-4417-9E66-5CD40D067D6D}.Debug|Any CPU.Build.0 = Debug|Any CPU
		{843A9AE7-F6FE-4417-9E66-5CD40D067D6D}.Release|Any CPU.ActiveCfg = Release|Any CPU
		{843A9AE7-F6FE-4417-9E66-5CD40D067D6D}.Release|Any CPU.Build.0 = Release|Any CPU
	EndGlobalSection
	GlobalSection(SolutionProperties) = preSolution
		HideSolutionNode = FALSE
	EndGlobalSection
	GlobalSection(ExtensibilityGlobals) = postSolution
		SolutionGuid = {AE4C2733-D4C0-48C1-86EC-4749154FD194}
	EndGlobalSection
EndGlobal
